
Microsoft Visual Studio Solution File, Format Version 12.00
# Visual Studio Version 17
VisualStudioVersion = 17.1.32414.318
MinimumVisualStudioVersion = 10.0.40219.1
Project("{FAE04EC0-301F-11D3-BF4B-00C04F79EFBC}") = "Zamanlayici", "Udemy_Timer_2\Zamanlayici.csproj", "{D4A336CF-45D6-47CD-AFC0-C355FB77FCFC}"
EndProject
Global
	GlobalSection(SolutionConfigurationPlatforms) = preSolution
		Debug|Any CPU = Debug|Any CPU
		Release|Any CPU = Release|Any CPU
	EndGlobalSection
	GlobalSection(ProjectConfigurationPlatforms) = postSolution
		{D4A336CF-45D6-47CD-AFC0-C355FB77FCFC}.Debug|Any CPU.ActiveCfg = Debug|Any CPU
		{D4A336CF-45D6-47CD-AFC0-C355FB77FCFC}.Debug|Any CPU.Build.0 = Debug|Any CPU
		{D4A336CF-45D6-47CD-AFC0-C355FB77FCFC}.Release|Any CPU.ActiveCfg = Release|Any CPU
		{D4A336CF-45D6-47CD-AFC0-C355FB77FCFC}.Release|Any CPU.Build.0 = Release|Any CPU
	EndGlobalSection
	GlobalSection(SolutionProperties) = preSolution
		HideSolutionNode = FALSE
	EndGlobalSection
	GlobalSection(ExtensibilityGlobals) = postSolution
		SolutionGuid = {14D14357-495A-4596-A3BD-C2E6D6C34A2D}
	EndGlobalSection
EndGlobal
